
Microsoft Visual Studio Solution File, Format Version 12.00
# Visual Studio 15
VisualStudioVersion = 15.0.27703.2018
MinimumVisualStudioVersion = 10.0.40219.1
Project("{E24C65DC-7377-472B-9ABA-BC803B73C61A}") = "GSTAccountDemo", ".", "{27DB3F6F-EF07-4824-8A0F-EE8E3DE67D47}"
	ProjectSection(WebsiteProperties) = preProject
		TargetFrameworkMoniker = ".NETFramework,Version%3Dv4.5"
		Debug.AspNetCompiler.VirtualPath = "/localhost_54710"
		Debug.AspNetCompiler.PhysicalPath = "..\GSTAccountDemo\"
		Debug.AspNetCompiler.TargetPath = "PrecompiledWeb\localhost_54710\"
		Debug.AspNetCompiler.Updateable = "true"
		Debug.AspNetCompiler.ForceOverwrite = "true"
		Debug.AspNetCompiler.FixedNames = "false"
		Debug.AspNetCompiler.Debug = "True"
		Release.AspNetCompiler.VirtualPath = "/localhost_54710"
		Release.AspNetCompiler.PhysicalPath = "..\GSTAccountDemo\"
		Release.AspNetCompiler.TargetPath = "PrecompiledWeb\localhost_54710\"
		Release.AspNetCompiler.Updateable = "true"
		Release.AspNetCompiler.ForceOverwrite = "true"
		Release.AspNetCompiler.FixedNames = "false"
		Release.AspNetCompiler.Debug = "False"
		VWDPort = "54710"
		SlnRelativePath = "..\GSTAccountDemo\"
	EndProjectSection
EndProject
Global
	GlobalSection(SolutionConfigurationPlatforms) = preSolution
		Debug|Any CPU = Debug|Any CPU
	EndGlobalSection
	GlobalSection(ProjectConfigurationPlatforms) = postSolution
		{27DB3F6F-EF07-4824-8A0F-EE8E3DE67D47}.Debug|Any CPU.ActiveCfg = Debug|Any CPU
		{27DB3F6F-EF07-4824-8A0F-EE8E3DE67D47}.Debug|Any CPU.Build.0 = Debug|Any CPU
	EndGlobalSection
	GlobalSection(SolutionProperties) = preSolution
		HideSolutionNode = FALSE
	EndGlobalSection
	GlobalSection(ExtensibilityGlobals) = postSolution
		SolutionGuid = {2599DA7C-DCAA-44FB-9CD4-B5D710E538B8}
	EndGlobalSection
EndGlobal
